
Microsoft Visual Studio Solution File, Format Version 12.00
# Visual Studio Version 17
VisualStudioVersion = 17.4.33213.308
MinimumVisualStudioVersion = 10.0.40219.1
Project("{FAE04EC0-301F-11D3-BF4B-00C04F79EFBC}") = "WebApiDemo", "WebApiDemo\WebApiDemo.csproj", "{B99C175C-572F-4F25-81DF-417544554F4B}"
EndProject
Project("{FAE04EC0-301F-11D3-BF4B-00C04F79EFBC}") = "WebApiConsumer", "WebApiConsumer\WebApiConsumer.csproj", "{EBB6F0B2-E896-41CD-A21B-C4DBBBBD6BAD}"
EndProject
Global
	GlobalSection(SolutionConfigurationPlatforms) = preSolution
		Debug|Any CPU = Debug|Any CPU
		Release|Any CPU = Release|Any CPU
	EndGlobalSection
	GlobalSection(ProjectConfigurationPlatforms) = postSolution
		{B99C175C-572F-4F25-81DF-417544554F4B}.Debug|Any CPU.ActiveCfg = Debug|Any CPU
		{B99C175C-572F-4F25-81DF-417544554F4B}.Debug|Any CPU.Build.0 = Debug|Any CPU
		{B99C175C-572F-4F25-81DF-417544554F4B}.Release|Any CPU.ActiveCfg = Release|Any CPU
		{B99C175C-572F-4F25-81DF-417544554F4B}.Release|Any CPU.Build.0 = Release|Any CPU
		{EBB6F0B2-E896-41CD-A21B-C4DBBBBD6BAD}.Debug|Any CPU.ActiveCfg = Debug|Any CPU
		{EBB6F0B2-E896-41CD-A21B-C4DBBBBD6BAD}.Debug|Any CPU.Build.0 = Debug|Any CPU
		{EBB6F0B2-E896-41CD-A21B-C4DBBBBD6BAD}.Release|Any CPU.ActiveCfg = Release|Any CPU
		{EBB6F0B2-E896-41CD-A21B-C4DBBBBD6BAD}.Release|Any CPU.Build.0 = Release|Any CPU
	EndGlobalSection
	GlobalSection(SolutionProperties) = preSolution
		HideSolutionNode = FALSE
	EndGlobalSection
	GlobalSection(ExtensibilityGlobals) = postSolution
		SolutionGuid = {CC526D19-AB21-4B04-803F-3FE0B8492C3E}
	EndGlobalSection
EndGlobal
